# THIS IS AN AUTOGENERATED FILE. DO NOT EDIT THIS FILE DIRECTLY.
# yarn lockfile v1


"@next/env@12.2.6-canary.0":
  version "12.2.6-canary.0"
  resolved "https://registry.yarnpkg.com/@next/env/-/env-12.2.6-canary.0.tgz#44aa148cdc7928571c8ed9702ebd77e5c1c3bf40"
  integrity sha512-rc9Rg2fpgxK+ch9o5wAjQ/yFwMPVoQpAFUSR6y3C2DLbJx+elBPDlo4nIX+Q0KR0kqKh52IzKPpD2f2sS73FtQ==

"@next/swc-android-arm-eabi@12.2.6-canary.0":
  version "12.2.6-canary.0"
  resolved "https://registry.yarnpkg.com/@next/swc-android-arm-eabi/-/swc-android-arm-eabi-12.2.6-canary.0.tgz#daf0d7b6a43c553f5f8e5b71fac179418ec44521"
  integrity sha512-0dgCBPXRtb/fgL9KBuPt6A9QGMU3uuvY6SUPccGy84+tQyqzUXsqDwsdTejQeHoe9VCT2N1XHLxlPTrd0mRSBA==

"@next/swc-android-arm64@12.2.6-canary.0":
  version "12.2.6-canary.0"
  resolved "https://registry.yarnpkg.com/@next/swc-android-arm64/-/swc-android-arm64-12.2.6-canary.0.tgz#4333c71d9f35acecc38e7d822cdabe5eda46916b"
  integrity sha512-tUrLSw3xaDXOw2Xb0YLXVYRLNPgzjMJqwp+bW047UcllKWSK9nbmPcU4jbs9dgLVOohcYkX6lRJ79FuUDEVV5w==

"@next/swc-darwin-arm64@12.2.6-canary.0":
  version "12.2.6-canary.0"
  resolved "https://registry.yarnpkg.com/@next/swc-darwin-arm64/-/swc-darwin-arm64-12.2.6-canary.0.tgz#caef1aa03478dd29e6920afc2583fa20ab410211"
  integrity sha512-KQfmJeECGsNzp8c9SGXmTdHdcr42QKHzCS4ggnsoSHbUOFpDm5Q9aOCp0DWU+MLV2b6D6SWoNeyWZekZ+pE8SA==

"@next/swc-darwin-x64@12.2.6-canary.0":
  version "12.2.6-canary.0"
  resolved "https://registry.yarnpkg.com/@next/swc-darwin-x64/-/swc-darwin-x64-12.2.6-canary.0.tgz#f2323fe83159268c178b0ff31269b132b3d658f3"
  integrity sha512-jpGuSth2NJMcOR/dZKkqk2ABptrmXH4C1RTxPg+i8tXlW7TtW9rolP2wP/nHyfp0wZdm6iMUE1aAZaoshlQPxA==

"@next/swc-freebsd-x64@12.2.6-canary.0":
  version "12.2.6-canary.0"
  resolved "https://registry.yarnpkg.com/@next/swc-freebsd-x64/-/swc-freebsd-x64-12.2.6-canary.0.tgz#83a42d5e44127800abd4851e0960700c6c465a26"
  integrity sha512-aLFvp2lWt2C87WrgOUfunkNIBHXAfZeDigkTc/a8Le/Phmu9skVEKMj41KEiyzxY/+/7Kx9ZDuji3Zlw9ORBtw==

"@next/swc-linux-arm-gnueabihf@12.2.6-canary.0":
  version "12.2.6-canary.0"
  resolved "https://registry.yarnpkg.com/@next/swc-linux-arm-gnueabihf/-/swc-linux-arm-gnueabihf-12.2.6-canary.0.tgz#89377d5d9dfa86cb0abf06768166125d02229271"
  integrity sha512-Mqg3Aa2a3cHBDmDsz2jIwosDs5ilj9qqWpMcoB7nAHrDUlTtygfHS0nIdEV8tLTxHobyj7KAjtSty4bozcfkyg==

"@next/swc-linux-arm64-gnu@12.2.6-canary.0":
  version "12.2.6-canary.0"
  resolved "https://registry.yarnpkg.com/@next/swc-linux-arm64-gnu/-/swc-linux-arm64-gnu-12.2.6-canary.0.tgz#f95ebe9cd1bc9172dcb89ed1a357bd82c129fc4c"
  integrity sha512-lIkqRwQTXIVwLgGl36D5k0dwYI3DP06blITrwJgnZUPOZE2BbNWrTVTpErP9n+2bNgmBhLtMo8HlENIZ8F2rgw==

"@next/swc-linux-arm64-musl@12.2.6-canary.0":
  version "12.2.6-canary.0"
  resolved "https://registry.yarnpkg.com/@next/swc-linux-arm64-musl/-/swc-linux-arm64-musl-12.2.6-canary.0.tgz#16a73a5070dabd83fd9f707bc281062dec53f88d"
  integrity sha512-BpucgiMHEXeoZGcgrKQaDhfQpQfiNBXxgejTOom8QV/MGWKEdLaJF9y2Kq/zfFf+aL0z9Tp4ZALhIocL++sAZg==

"@next/swc-linux-x64-gnu@12.2.6-canary.0":
  version "12.2.6-canary.0"
  resolved "https://registry.yarnpkg.com/@next/swc-linux-x64-gnu/-/swc-linux-x64-gnu-12.2.6-canary.0.tgz#109a704a5df226904d4f3de80f65cc72dbdf0527"
  integrity sha512-X2nFf2Go6lil5MbIU02KZ3dzVhTEXH5itinynF/btTjdLvd41mmVXl30dtO5n9uOpnOmpYig/OB9v3pd21DK8Q==

"@next/swc-linux-x64-musl@12.2.6-canary.0":
  version "12.2.6-canary.0"
  resolved "https://registry.yarnpkg.com/@next/swc-linux-x64-musl/-/swc-linux-x64-musl-12.2.6-canary.0.tgz#0500bfe92eeea6b2dac28d717490e05c605dc756"
  integrity sha512-duEDSpIXsbUd7qDSy/oLq9yR+o2mmBOwddNXTWX+KDHt1cGgZlXV7u2y/AkcCw/tb/iHhCWzPqDt+h1ckLFbSA==

"@next/swc-win32-arm64-msvc@12.2.6-canary.0":
  version "12.2.6-canary.0"
  resolved "https://registry.yarnpkg.com/@next/swc-win32-arm64-msvc/-/swc-win32-arm64-msvc-12.2.6-canary.0.tgz#a45b9dc66647ace078e2178b847bc9d7a1ce3590"
  integrity sha512-/7IQ1wHbMdbCTU9mv4oWPAn8C+ShrJiXDSR5FFjjQptakE2jAZbhNOTvUao9HIhfc2IO3ckfo+HbfnfprbQ2Gg==

"@next/swc-win32-ia32-msvc@12.2.6-canary.0":
  version "12.2.6-canary.0"
  resolved "https://registry.yarnpkg.com/@next/swc-win32-ia32-msvc/-/swc-win32-ia32-msvc-12.2.6-canary.0.tgz#34f7419f2a2d74acad11e000006c4486278c1385"
  integrity sha512-wn1t/t8wVzRllXfFtg0zLvDmX5QfMdddZet+BEJwBKzKsbyX40JtVGFOM1uN/3vYZCJHulzCugSPF4kqqK8bGQ==

"@next/swc-win32-x64-msvc@12.2.6-canary.0":
  version "12.2.6-canary.0"
  resolved "https://registry.yarnpkg.com/@next/swc-win32-x64-msvc/-/swc-win32-x64-msvc-12.2.6-canary.0.tgz#81fefa81351aeb133dae91778f298b2705b85179"
  integrity sha512-Le3k5GvKn7Ibcd5hOodT0hVt6T7wq7rCEGHEZE2T5qhJf9gpCmG7R8XCSYYq/xJx+J6Cpg4CoHil79SvI24VGA==

"@swc/helpers@0.4.3":
  version "0.4.3"
  resolved "https://registry.yarnpkg.com/@swc/helpers/-/helpers-0.4.3.tgz#16593dfc248c53b699d4b5026040f88ddb497012"
  integrity sha512-6JrF+fdUK2zbGpJIlN7G3v966PQjyx/dPt1T9km2wj+EUBqgrxCk3uX4Kct16MIm9gGxfKRcfax2hVf5jvlTzA==
  dependencies:
    tslib "^2.4.0"

"@types/node@^18.0.0":
  version "18.7.6"
  resolved "https://registry.yarnpkg.com/@types/node/-/node-18.7.6.tgz#31743bc5772b6ac223845e18c3fc26f042713c83"
  integrity sha512-EdxgKRXgYsNITy5mjjXjVE/CS8YENSdhiagGrLqjG0pvA2owgJ6i4l7wy/PFZGC0B1/H20lWKN7ONVDNYDZm7A==

"@types/prop-types@*":
  version "15.7.5"
  resolved "https://registry.yarnpkg.com/@types/prop-types/-/prop-types-15.7.5.tgz#5f19d2b85a98e9558036f6a3cacc8819420f05cf"
  integrity sha512-JCB8C6SnDoQf0cNycqd/35A7MjcnK+ZTqE7judS6o7utxUCg6imJg3QK2qzHKszlTjcj2cn+NwMB2i96ubpj7w==

"@types/react@^18.0.14":
  version "18.0.17"
  resolved "https://registry.yarnpkg.com/@types/react/-/react-18.0.17.tgz#4583d9c322d67efe4b39a935d223edcc7050ccf4"
  integrity sha512-38ETy4tL+rn4uQQi7mB81G7V1g0u2ryquNmsVIOKUAEIDK+3CUjZ6rSRpdvS99dNBnkLFL83qfmtLacGOTIhwQ==
  dependencies:
    "@types/prop-types" "*"
    "@types/scheduler" "*"
    csstype "^3.0.2"

"@types/scheduler@*":
  version "0.16.2"
  resolved "https://registry.yarnpkg.com/@types/scheduler/-/scheduler-0.16.2.tgz#1a62f89525723dde24ba1b01b092bf5df8ad4d39"
  integrity sha512-hppQEBDmlwhFAXKJX2KnWLYu5yMfi91yazPb2l+lbJiwW+wdo1gNeRA+3RgNSO39WYX2euey41KEwnqesU2Jew==

caniuse-lite@^1.0.30001332:
  version "1.0.30001378"
  resolved "https://registry.yarnpkg.com/caniuse-lite/-/caniuse-lite-1.0.30001378.tgz#3d2159bf5a8f9ca093275b0d3ecc717b00f27b67"
  integrity sha512-JVQnfoO7FK7WvU4ZkBRbPjaot4+YqxogSDosHv0Hv5mWpUESmN+UubMU6L/hGz8QlQ2aY5U0vR6MOs6j/CXpNA==

csstype@^3.0.2:
  version "3.1.0"
  resolved "https://registry.yarnpkg.com/csstype/-/csstype-3.1.0.tgz#4ddcac3718d787cf9df0d1b7d15033925c8f29f2"
  integrity sha512-uX1KG+x9h5hIJsaKR9xHUeUraxf8IODOwq9JLNPq6BwB04a/xgpq3rcx47l5BZu5zBPlgD342tdke3Hom/nJRA==

"js-tokens@^3.0.0 || ^4.0.0":
  version "4.0.0"
  resolved "https://registry.yarnpkg.com/js-tokens/-/js-tokens-4.0.0.tgz#19203fb59991df98e3a287050d4647cdeaf32499"
  integrity sha512-RdJUflcE3cUzKiMqQgsCu06FPu9UdIJO0beYbPhHN4k6apgJtifcoCtT9bcxOpYBtpD2kCM6Sbzg4CausW/PKQ==

loose-envify@^1.1.0:
  version "1.4.0"
  resolved "https://registry.yarnpkg.com/loose-envify/-/loose-envify-1.4.0.tgz#71ee51fa7be4caec1a63839f7e682d8132d30caf"
  integrity sha512-lyuxPGr/Wfhrlem2CL/UcnUc1zcqKAImBDzukY7Y5F/yQiNdko6+fRLevlw1HgMySw7f611UIY408EtxRSoK3Q==
  dependencies:
    js-tokens "^3.0.0 || ^4.0.0"

nanoid@^3.3.4:
  version "3.3.4"
  resolved "https://registry.yarnpkg.com/nanoid/-/nanoid-3.3.4.tgz#730b67e3cd09e2deacf03c027c81c9d9dbc5e8ab"
  integrity sha512-MqBkQh/OHTS2egovRtLk45wEyNXwF+cokD+1YPf9u5VfJiRdAiRwB2froX5Co9Rh20xs4siNPm8naNotSD6RBw==

next@canary:
  version "12.2.6-canary.0"
  resolved "https://registry.yarnpkg.com/next/-/next-12.2.6-canary.0.tgz#0ac0c0f3e727137a3a4c4267f662369954e1230d"
  integrity sha512-lKHEyzM9zdgfk/sI9PjLp+wqM9RJ/64zGQwhZbpapWyD0QTa+zHoQQaWB9aD4RZIMXMaT9hzZPeA5/b58InWfg==
  dependencies:
    "@next/env" "12.2.6-canary.0"
    "@swc/helpers" "0.4.3"
    caniuse-lite "^1.0.30001332"
    postcss "8.4.14"
    styled-jsx "5.0.4"
    use-sync-external-store "1.2.0"
  optionalDependencies:
    "@next/swc-android-arm-eabi" "12.2.6-canary.0"
    "@next/swc-android-arm64" "12.2.6-canary.0"
    "@next/swc-darwin-arm64" "12.2.6-canary.0"
    "@next/swc-darwin-x64" "12.2.6-canary.0"
    "@next/swc-freebsd-x64" "12.2.6-canary.0"
    "@next/swc-linux-arm-gnueabihf" "12.2.6-canary.0"
    "@next/swc-linux-arm64-gnu" "12.2.6-canary.0"
    "@next/swc-linux-arm64-musl" "12.2.6-canary.0"
    "@next/swc-linux-x64-gnu" "12.2.6-canary.0"
    "@next/swc-linux-x64-musl" "12.2.6-canary.0"
    "@next/swc-win32-arm64-msvc" "12.2.6-canary.0"
    "@next/swc-win32-ia32-msvc" "12.2.6-canary.0"
    "@next/swc-win32-x64-msvc" "12.2.6-canary.0"

picocolors@^1.0.0:
  version "1.0.0"
  resolved "https://registry.yarnpkg.com/picocolors/-/picocolors-1.0.0.tgz#cb5bdc74ff3f51892236eaf79d68bc44564ab81c"
  integrity sha512-1fygroTLlHu66zi26VoTDv8yRgm0Fccecssto+MhsZ0D/DGW2sm8E8AjW7NU5VVTRt5GxbeZ5qBuJr+HyLYkjQ==

postcss@8.4.14:
  version "8.4.14"
  resolved "https://registry.yarnpkg.com/postcss/-/postcss-8.4.14.tgz#ee9274d5622b4858c1007a74d76e42e56fd21caf"
  integrity sha512-E398TUmfAYFPBSdzgeieK2Y1+1cpdxJx8yXbK/m57nRhKSmk1GB2tO4lbLBtlkfPQTDKfe4Xqv1ASWPpayPEig==
  dependencies:
    nanoid "^3.3.4"
    picocolors "^1.0.0"
    source-map-js "^1.0.2"

react-dom@^18.2.0:
  version "18.2.0"
  resolved "https://registry.yarnpkg.com/react-dom/-/react-dom-18.2.0.tgz#22aaf38708db2674ed9ada224ca4aa708d821e3d"
  integrity sha512-6IMTriUmvsjHUjNtEDudZfuDQUoWXVxKHhlEGSk81n4YFS+r/Kl99wXiwlVXtPBtJenozv2P+hxDsw9eA7Xo6g==
  dependencies:
    loose-envify "^1.1.0"
    scheduler "^0.23.0"

react@^18.2.0:
  version "18.2.0"
  resolved "https://registry.yarnpkg.com/react/-/react-18.2.0.tgz#555bd98592883255fa00de14f1151a917b5d77d5"
  integrity sha512-/3IjMdb2L9QbBdWiW5e3P2/npwMBaU9mHCSCUzNln0ZCYbcfTsGbTJrU/kGemdH2IWmB2ioZ+zkxtmq6g09fGQ==
  dependencies:
    loose-envify "^1.1.0"

scheduler@^0.23.0:
  version "0.23.0"
  resolved "https://registry.yarnpkg.com/scheduler/-/scheduler-0.23.0.tgz#ba8041afc3d30eb206a487b6b384002e4e61fdfe"
  integrity sha512-CtuThmgHNg7zIZWAXi3AsyIzA3n4xx7aNyjwC2VJldO2LMVDhFK+63xGqq6CsJH4rTAt6/M+N4GhZiDYPx9eUw==
  dependencies:
    loose-envify "^1.1.0"

source-map-js@^1.0.2:
  version "1.0.2"
  resolved "https://registry.yarnpkg.com/source-map-js/-/source-map-js-1.0.2.tgz#adbc361d9c62df380125e7f161f71c826f1e490c"
  integrity sha512-R0XvVJ9WusLiqTCEiGCmICCMplcCkIwwR11mOSD9CR5u+IXYdiseeEuXCVAjS54zqwkLcPNnmU4OeJ6tUrWhDw==

styled-jsx@5.0.4:
  version "5.0.4"
  resolved "https://registry.yarnpkg.com/styled-jsx/-/styled-jsx-5.0.4.tgz#5b1bd0b9ab44caae3dd1361295559706e044aa53"
  integrity sha512-sDFWLbg4zR+UkNzfk5lPilyIgtpddfxXEULxhujorr5jtePTUqiPDc5BC0v1NRqTr/WaFBGQQUoYToGlF4B2KQ==

tslib@^2.4.0:
  version "2.4.0"
  resolved "https://registry.yarnpkg.com/tslib/-/tslib-2.4.0.tgz#7cecaa7f073ce680a05847aa77be941098f36dc3"
  integrity sha512-d6xOpEDfsi2CZVlPQzGeux8XMwLT9hssAsaPYExaQMuYskwb+x1x7J371tWlbBdWHroy99KnVB6qIkUbs5X3UQ==

typescript@^4.7.4:
  version "4.7.4"
  resolved "https://registry.yarnpkg.com/typescript/-/typescript-4.7.4.tgz#1a88596d1cf47d59507a1bcdfb5b9dfe4d488235"
  integrity sha512-C0WQT0gezHuw6AdY1M2jxUO83Rjf0HP7Sk1DtXj6j1EwkQNZrHAg2XPWlq62oqEhYvONq5pkC2Y9oPljWToLmQ==

use-sync-external-store@1.2.0:
  version "1.2.0"
  resolved "https://registry.yarnpkg.com/use-sync-external-store/-/use-sync-external-store-1.2.0.tgz#7dbefd6ef3fe4e767a0cf5d7287aacfb5846928a"
  integrity sha512-eEgnFxGQ1Ife9bzYs6VLi8/4X6CObHMw9Qr9tPY43iKwsPw8xE8+EFsf/2cFZ5S3esXgpWgtSCtLNS41F+sKPA==
